
Microsoft Visual Studio Solution File, Format Version 12.00
# Visual Studio Version 17
VisualStudioVersion = 17.8.34330.188
MinimumVisualStudioVersion = 10.0.40219.1
Project("{9A19103F-16F7-4668-BE54-9A1E7A4F7556}") = "BlocoDeNotas", "EditorDeTexto\BlocoDeNotas.csproj", "{C17BD0CB-A8C9-402C-81F9-5B1AE24765B0}"
EndProject
Global
	GlobalSection(SolutionConfigurationPlatforms) = preSolution
		Debug|Any CPU = Debug|Any CPU
		Release|Any CPU = Release|Any CPU
	EndGlobalSection
	GlobalSection(ProjectConfigurationPlatforms) = postSolution
		{C17BD0CB-A8C9-402C-81F9-5B1AE24765B0}.Debug|Any CPU.ActiveCfg = Debug|Any CPU
		{C17BD0CB-A8C9-402C-81F9-5B1AE24765B0}.Debug|Any CPU.Build.0 = Debug|Any CPU
		{C17BD0CB-A8C9-402C-81F9-5B1AE24765B0}.Release|Any CPU.ActiveCfg = Release|Any CPU
		{C17BD0CB-A8C9-402C-81F9-5B1AE24765B0}.Release|Any CPU.Build.0 = Release|Any CPU
	EndGlobalSection
	GlobalSection(SolutionProperties) = preSolution
		HideSolutionNode = FALSE
	EndGlobalSection
	GlobalSection(ExtensibilityGlobals) = postSolution
		SolutionGuid = {54F26858-4B27-422C-9BE3-C2C211743E78}
	EndGlobalSection
EndGlobal
